
Microsoft Visual Studio Solution File, Format Version 12.00
# Visual Studio Version 16
VisualStudioVersion = 16.0.33927.289
MinimumVisualStudioVersion = 10.0.40219.1
Project("{2150E333-8FDC-42A3-9474-1A3956D46DE8}") = "Task0", "Task0", "{4027BEB9-457F-4CF7-B727-DCAA39AD7205}"
EndProject
Project("{FAE04EC0-301F-11D3-BF4B-00C04F79EFBC}") = "Tyuiu.ShtokerVN.Sprint3.Task0.V6", "Tyuiu.ShtokerVN.Sprint3.Task0.V6\Tyuiu.ShtokerVN.Sprint3.Task0.V6.csproj", "{A312C8A3-0315-4D89-AA84-79EECAAA6A1D}"
EndProject
Project("{FAE04EC0-301F-11D3-BF4B-00C04F79EFBC}") = "Tyuiu.ShtokerVN.Sprint3.Task0.V6.Lib", "Tyuiu.ShtokerVN.Sprint3.Task0.V6.Lib\Tyuiu.ShtokerVN.Sprint3.Task0.V6.Lib.csproj", "{8F1F7D5D-753F-4437-9F02-24D4A50768CC}"
EndProject
Project("{FAE04EC0-301F-11D3-BF4B-00C04F79EFBC}") = "Tyuiu.ShtokerVN.Sprint3.Task0.V6.Test", "Tyuiu.ShtokerVN.Sprint3.Task0.V6.Test\Tyuiu.ShtokerVN.Sprint3.Task0.V6.Test.csproj", "{D4D483BF-09AB-4772-A198-DB1ADB0F5743}"
EndProject
Project("{2150E333-8FDC-42A3-9474-1A3956D46DE8}") = "Task1", "Task1", "{66ED16E3-6EA1-47E4-9624-397E7E43503A}"
EndProject
Project("{FAE04EC0-301F-11D3-BF4B-00C04F79EFBC}") = "Tyuiu.ShtokerVN.Sprint3.Task1.V8", "Tyuiu.ShtokerVN.Sprint3.Task1.V8\Tyuiu.ShtokerVN.Sprint3.Task1.V8.csproj", "{2F79CBDE-41EF-418C-91A5-0C4CA29B6493}"
EndProject
Project("{FAE04EC0-301F-11D3-BF4B-00C04F79EFBC}") = "Tyuiu.ShtokerVN.Sprint3.Task1.V8.Lib", "Tyuiu.ShtokerVN.Sprint3.Task1.V8.Lib\Tyuiu.ShtokerVN.Sprint3.Task1.V8.Lib.csproj", "{65BA84C0-BCB2-47B8-9177-63983E486C4C}"
EndProject
Project("{FAE04EC0-301F-11D3-BF4B-00C04F79EFBC}") = "Tyuiu.ShtokerVN.Sprint3.Task1.V8.Test", "Tyuiu.ShtokerVN.Sprint3.Task1.V8.Test\Tyuiu.ShtokerVN.Sprint3.Task1.V8.Test.csproj", "{52E34AF1-B138-4525-9F20-3647DD65F1A0}"
EndProject
Project("{2150E333-8FDC-42A3-9474-1A3956D46DE8}") = "Task2", "Task2", "{EAC9AD17-291C-4E59-B8B9-7D4A4755F275}"
EndProject
Project("{FAE04EC0-301F-11D3-BF4B-00C04F79EFBC}") = "Tyuiu.ShtokerVN.Sprint3.Task2.V20", "Tyuiu.ShtokerVN.Sprint3.Task2.V20\Tyuiu.ShtokerVN.Sprint3.Task2.V20.csproj", "{8820D7C8-7FC9-4D25-86D6-B9B5903D6AB1}"
EndProject
Project("{FAE04EC0-301F-11D3-BF4B-00C04F79EFBC}") = "Tyuiu.ShtokerVN.Sprint3.Task2.V20.Lib", "Tyuiu.ShtokerVN.Sprint3.Task2.V20.Lib\Tyuiu.ShtokerVN.Sprint3.Task2.V20.Lib.csproj", "{932AD0EA-CC43-4ED5-ABF9-151E20F9124A}"
EndProject
Project("{FAE04EC0-301F-11D3-BF4B-00C04F79EFBC}") = "Tyuiu.ShtokerVN.Sprint3.Task2.V20.Test", "Tyuiu.ShtokerVN.Sprint3.Task2.V20.Test\Tyuiu.ShtokerVN.Sprint3.Task2.V20.Test.csproj", "{6913EAB3-F5CE-479C-8B63-049CDCD8892F}"
EndProject
Project("{2150E333-8FDC-42A3-9474-1A3956D46DE8}") = "Task3", "Task3", "{24D8EC78-A372-41E3-B4E5-28B0AFF7164B}"
EndProject
Project("{FAE04EC0-301F-11D3-BF4B-00C04F79EFBC}") = "Tyuiu.ShtokerVN.Sprint3.Task3.V6", "Tyuiu.ShtokerVN.Sprint3.Task3.V6\Tyuiu.ShtokerVN.Sprint3.Task3.V6.csproj", "{108E4AE2-F7E3-4544-9B76-9BDF1433E9BC}"
EndProject
Project("{FAE04EC0-301F-11D3-BF4B-00C04F79EFBC}") = "Tyuiu.ShtokerVN.Sprint3.Task3.V6.Lib", "Tyuiu.ShtokerVN.Sprint3.Task3.V6.Lib\Tyuiu.ShtokerVN.Sprint3.Task3.V6.Lib.csproj", "{9068C226-16F3-4112-93B3-E50DD21B839F}"
EndProject
Project("{FAE04EC0-301F-11D3-BF4B-00C04F79EFBC}") = "Tyuiu.ShtokerVN.Sprint3.Task3.V6.Test", "Tyuiu.ShtokerVN.Sprint3.Task3.V6.Test\Tyuiu.ShtokerVN.Sprint3.Task3.V6.Test.csproj", "{8171312F-7D25-485C-A308-B629C02C1D3D}"
EndProject
Project("{2150E333-8FDC-42A3-9474-1A3956D46DE8}") = "Task4", "Task4", "{75596BF2-C792-4FFF-AD17-590E392D57DC}"
EndProject
Project("{FAE04EC0-301F-11D3-BF4B-00C04F79EFBC}") = "Tyuiu.ShtokerVN.Sprint3.Task4.V27", "Tyuiu.ShtokerVN.Sprint3.Task4.V27\Tyuiu.ShtokerVN.Sprint3.Task4.V27.csproj", "{592F37DA-E5B6-402E-8BD9-8F7E936115E6}"
EndProject
Project("{FAE04EC0-301F-11D3-BF4B-00C04F79EFBC}") = "Tyuiu.ShtokerVN.Sprint3.Task4.V27.Lib", "Tyuiu.ShtokerVN.Sprint3.Task4.V27.Lib\Tyuiu.ShtokerVN.Sprint3.Task4.V27.Lib.csproj", "{903E9B70-1B7A-470E-BEDF-8B20D1082DEF}"
EndProject
Project("{FAE04EC0-301F-11D3-BF4B-00C04F79EFBC}") = "Tyuiu.ShtokerVN.Sprint3.Task4.V27.Test", "Tyuiu.ShtokerVN.Sprint3.Task4.V27.Test\Tyuiu.ShtokerVN.Sprint3.Task4.V27.Test.csproj", "{FEA3B620-D59E-429F-B9ED-380C753B292F}"
EndProject
Project("{2150E333-8FDC-42A3-9474-1A3956D46DE8}") = "Task5", "Task5", "{08041407-EE5A-4DA4-9419-A41F50A9FADF}"
EndProject
Project("{FAE04EC0-301F-11D3-BF4B-00C04F79EFBC}") = "Tyuiu.ShtokerVN.Sprint3.Task5.V3", "Tyuiu.ShtokerVN.Sprint3.Task5.V3\Tyuiu.ShtokerVN.Sprint3.Task5.V3.csproj", "{4A79DAAD-C493-47A8-A0FF-2C99400A338B}"
EndProject
Project("{FAE04EC0-301F-11D3-BF4B-00C04F79EFBC}") = "Tyuiu.ShtokerVN.Sprint3.Task5.V3.Lib", "Tyuiu.ShtokerVN.Sprint3.Task5.V3.Lib\Tyuiu.ShtokerVN.Sprint3.Task5.V3.Lib.csproj", "{CB2A0577-35CF-490C-9CF8-D85D885778DE}"
EndProject
Project("{FAE04EC0-301F-11D3-BF4B-00C04F79EFBC}") = "Tyuiu.ShtokerVN.Sprint3.Task5.V3.Test", "Tyuiu.ShtokerVN.Sprint3.Task5.V3.Test\Tyuiu.ShtokerVN.Sprint3.Task5.V3.Test.csproj", "{A774B8F8-1220-49A9-81A5-720B71BEE02D}"
EndProject
Project("{2150E333-8FDC-42A3-9474-1A3956D46DE8}") = "Task6", "Task6", "{346E2E18-9CF5-4F65-9A0B-34664E840B0E}"
EndProject
Project("{FAE04EC0-301F-11D3-BF4B-00C04F79EFBC}") = "Tyuiu.ShtokerVN.Sprint3.Task6.V2", "Tyuiu.ShtokerVN.Sprint3.Task6.V2\Tyuiu.ShtokerVN.Sprint3.Task6.V2.csproj", "{65F39F06-F68F-4221-95F6-36C3073CB63D}"
EndProject
Project("{FAE04EC0-301F-11D3-BF4B-00C04F79EFBC}") = "Tyuiu.ShtokerVN.Sprint3.Task6.V2.Lib", "Tyuiu.ShtokerVN.Sprint3.Task6.V2.Lib\Tyuiu.ShtokerVN.Sprint3.Task6.V2.Lib.csproj", "{0F34AA6E-436F-4FD1-8F2E-ECFBAD4700C4}"
EndProject
Project("{FAE04EC0-301F-11D3-BF4B-00C04F79EFBC}") = "Tyuiu.ShtokerVN.Sprint3.Task6.V2.Test", "Tyuiu.ShtokerVN.Sprint3.Task6.V2.Test\Tyuiu.ShtokerVN.Sprint3.Task6.V2.Test.csproj", "{E27127E5-531C-4E24-805E-690ACF418EE1}"
EndProject
Project("{2150E333-8FDC-42A3-9474-1A3956D46DE8}") = "Task7", "Task7", "{CD0B5FB3-BCC6-487B-AC1D-017AD0A5309A}"
EndProject
Project("{FAE04EC0-301F-11D3-BF4B-00C04F79EFBC}") = "Tyuiu.ShtokerVN.Sprint3.Task7.V7", "Tyuiu.ShtokerVN.Sprint3.Task7.V7\Tyuiu.ShtokerVN.Sprint3.Task7.V7.csproj", "{15CDA015-A067-43D3-8838-17C315B178B2}"
EndProject
Project("{FAE04EC0-301F-11D3-BF4B-00C04F79EFBC}") = "Tyuiu.ShtokerVN.Sprint3.Task7.V7.Lib", "Tyuiu.ShtokerVN.Sprint3.Task7.V7.Lib\Tyuiu.ShtokerVN.Sprint3.Task7.V7.Lib.csproj", "{D540EDBB-B747-41D8-9A49-7E3D8D963AB6}"
EndProject
Project("{FAE04EC0-301F-11D3-BF4B-00C04F79EFBC}") = "Tyuiu.ShtokerVN.Sprint3.Task7.V7.Test", "Tyuiu.ShtokerVN.Sprint3.Task7.V7.Test\Tyuiu.ShtokerVN.Sprint3.Task7.V7.Test.csproj", "{2E9C757F-6D24-48BC-BAC6-2CBB1413E02A}"
EndProject
Global
	GlobalSection(SolutionConfigurationPlatforms) = preSolution
		Debug|Any CPU = Debug|Any CPU
		Release|Any CPU = Release|Any CPU
	EndGlobalSection
	GlobalSection(ProjectConfigurationPlatforms) = postSolution
		{A312C8A3-0315-4D89-AA84-79EECAAA6A1D}.Debug|Any CPU.ActiveCfg = Debug|Any CPU
		{A312C8A3-0315-4D89-AA84-79EECAAA6A1D}.Debug|Any CPU.Build.0 = Debug|Any CPU
		{A312C8A3-0315-4D89-AA84-79EECAAA6A1D}.Release|Any CPU.ActiveCfg = Release|Any CPU
		{A312C8A3-0315-4D89-AA84-79EECAAA6A1D}.Release|Any CPU.Build.0 = Release|Any CPU
		{8F1F7D5D-753F-4437-9F02-24D4A50768CC}.Debug|Any CPU.ActiveCfg = Debug|Any CPU
		{8F1F7D5D-753F-4437-9F02-24D4A50768CC}.Debug|Any CPU.Build.0 = Debug|Any CPU
		{8F1F7D5D-753F-4437-9F02-24D4A50768CC}.Release|Any CPU.ActiveCfg = Release|Any CPU
		{8F1F7D5D-753F-4437-9F02-24D4A50768CC}.Release|Any CPU.Build.0 = Release|Any CPU
		{D4D483BF-09AB-4772-A198-DB1ADB0F5743}.Debug|Any CPU.ActiveCfg = Debug|Any CPU
		{D4D483BF-09AB-4772-A198-DB1ADB0F5743}.Debug|Any CPU.Build.0 = Debug|Any CPU
		{D4D483BF-09AB-4772-A198-DB1ADB0F5743}.Release|Any CPU.ActiveCfg = Release|Any CPU
		{D4D483BF-09AB-4772-A198-DB1ADB0F5743}.Release|Any CPU.Build.0 = Release|Any CPU
		{2F79CBDE-41EF-418C-91A5-0C4CA29B6493}.Debug|Any CPU.ActiveCfg = Debug|Any CPU
		{2F79CBDE-41EF-418C-91A5-0C4CA29B6493}.Debug|Any CPU.Build.0 = Debug|Any CPU
		{2F79CBDE-41EF-418C-91A5-0C4CA29B6493}.Release|Any CPU.ActiveCfg = Release|Any CPU
		{2F79CBDE-41EF-418C-91A5-0C4CA29B6493}.Release|Any CPU.Build.0 = Release|Any CPU
		{65BA84C0-BCB2-47B8-9177-63983E486C4C}.Debug|Any CPU.ActiveCfg = Debug|Any CPU
		{65BA84C0-BCB2-47B8-9177-63983E486C4C}.Debug|Any CPU.Build.0 = Debug|Any CPU
		{65BA84C0-BCB2-47B8-9177-63983E486C4C}.Release|Any CPU.ActiveCfg = Release|Any CPU
		{65BA84C0-BCB2-47B8-9177-63983E486C4C}.Release|Any CPU.Build.0 = Release|Any CPU
		{52E34AF1-B138-4525-9F20-3647DD65F1A0}.Debug|Any CPU.ActiveCfg = Debug|Any CPU
		{52E34AF1-B138-4525-9F20-3647DD65F1A0}.Debug|Any CPU.Build.0 = Debug|Any CPU
		{52E34AF1-B138-4525-9F20-3647DD65F1A0}.Release|Any CPU.ActiveCfg = Release|Any CPU
		{52E34AF1-B138-4525-9F20-3647DD65F1A0}.Release|Any CPU.Build.0 = Release|Any CPU
		{8820D7C8-7FC9-4D25-86D6-B9B5903D6AB1}.Debug|Any CPU.ActiveCfg = Debug|Any CPU
		{8820D7C8-7FC9-4D25-86D6-B9B5903D6AB1}.Debug|Any CPU.Build.0 = Debug|Any CPU
		{8820D7C8-7FC9-4D25-86D6-B9B5903D6AB1}.Release|Any CPU.ActiveCfg = Release|Any CPU
		{8820D7C8-7FC9-4D25-86D6-B9B5903D6AB1}.Release|Any CPU.Build.0 = Release|Any CPU
		{932AD0EA-CC43-4ED5-ABF9-151E20F9124A}.Debug|Any CPU.ActiveCfg = Debug|Any CPU
		{932AD0EA-CC43-4ED5-ABF9-151E20F9124A}.Debug|Any CPU.Build.0 = Debug|Any CPU
		{932AD0EA-CC43-4ED5-ABF9-151E20F9124A}.Release|Any CPU.ActiveCfg = Release|Any CPU
		{932AD0EA-CC43-4ED5-ABF9-151E20F9124A}.Release|Any CPU.Build.0 = Release|Any CPU
		{6913EAB3-F5CE-479C-8B63-049CDCD8892F}.Debug|Any CPU.ActiveCfg = Debug|Any CPU
		{6913EAB3-F5CE-479C-8B63-049CDCD8892F}.Debug|Any CPU.Build.0 = Debug|Any CPU
		{6913EAB3-F5CE-479C-8B63-049CDCD8892F}.Release|Any CPU.ActiveCfg = Release|Any CPU
		{6913EAB3-F5CE-479C-8B63-049CDCD8892F}.Release|Any CPU.Build.0 = Release|Any CPU
		{108E4AE2-F7E3-4544-9B76-9BDF1433E9BC}.Debug|Any CPU.ActiveCfg = Debug|Any CPU
		{108E4AE2-F7E3-4544-9B76-9BDF1433E9BC}.Debug|Any CPU.Build.0 = Debug|Any CPU
		{108E4AE2-F7E3-4544-9B76-9BDF1433E9BC}.Release|Any CPU.ActiveCfg = Release|Any CPU
		{108E4AE2-F7E3-4544-9B76-9BDF1433E9BC}.Release|Any CPU.Build.0 = Release|Any CPU
		{9068C226-16F3-4112-93B3-E50DD21B839F}.Debug|Any CPU.ActiveCfg = Debug|Any CPU
		{9068C226-16F3-4112-93B3-E50DD21B839F}.Debug|Any CPU.Build.0 = Debug|Any CPU
		{9068C226-16F3-4112-93B3-E50DD21B839F}.Release|Any CPU.ActiveCfg = Release|Any CPU
		{9068C226-16F3-4112-93B3-E50DD21B839F}.Release|Any CPU.Build.0 = Release|Any CPU
		{8171312F-7D25-485C-A308-B629C02C1D3D}.Debug|Any CPU.ActiveCfg = Debug|Any CPU
		{8171312F-7D25-485C-A308-B629C02C1D3D}.Debug|Any CPU.Build.0 = Debug|Any CPU
		{8171312F-7D25-485C-A308-B629C02C1D3D}.Release|Any CPU.ActiveCfg = Release|Any CPU
		{8171312F-7D25-485C-A308-B629C02C1D3D}.Release|Any CPU.Build.0 = Release|Any CPU
		{592F37DA-E5B6-402E-8BD9-8F7E936115E6}.Debug|Any CPU.ActiveCfg = Debug|Any CPU
		{592F37DA-E5B6-402E-8BD9-8F7E936115E6}.Debug|Any CPU.Build.0 = Debug|Any CPU
		{592F37DA-E5B6-402E-8BD9-8F7E936115E6}.Release|Any CPU.ActiveCfg = Release|Any CPU
		{592F37DA-E5B6-402E-8BD9-8F7E936115E6}.Release|Any CPU.Build.0 = Release|Any CPU
		{903E9B70-1B7A-470E-BEDF-8B20D1082DEF}.Debug|Any CPU.ActiveCfg = Debug|Any CPU
		{903E9B70-1B7A-470E-BEDF-8B20D1082DEF}.Debug|Any CPU.Build.0 = Debug|Any CPU
		{903E9B70-1B7A-470E-BEDF-8B20D1082DEF}.Release|Any CPU.ActiveCfg = Release|Any CPU
		{903E9B70-1B7A-470E-BEDF-8B20D1082DEF}.Release|Any CPU.Build.0 = Release|Any CPU
		{FEA3B620-D59E-429F-B9ED-380C753B292F}.Debug|Any CPU.ActiveCfg = Debug|Any CPU
		{FEA3B620-D59E-429F-B9ED-380C753B292F}.Debug|Any CPU.Build.0 = Debug|Any CPU
		{FEA3B620-D59E-429F-B9ED-380C753B292F}.Release|Any CPU.ActiveCfg = Release|Any CPU
		{FEA3B620-D59E-429F-B9ED-380C753B292F}.Release|Any CPU.Build.0 = Release|Any CPU
		{4A79DAAD-C493-47A8-A0FF-2C99400A338B}.Debug|Any CPU.ActiveCfg = Debug|Any CPU
		{4A79DAAD-C493-47A8-A0FF-2C99400A338B}.Debug|Any CPU.Build.0 = Debug|Any CPU
		{4A79DAAD-C493-47A8-A0FF-2C99400A338B}.Release|Any CPU.ActiveCfg = Release|Any CPU
		{4A79DAAD-C493-47A8-A0FF-2C99400A338B}.Release|Any CPU.Build.0 = Release|Any CPU
		{CB2A0577-35CF-490C-9CF8-D85D885778DE}.Debug|Any CPU.ActiveCfg = Debug|Any CPU
		{CB2A0577-35CF-490C-9CF8-D85D885778DE}.Debug|Any CPU.Build.0 = Debug|Any CPU
		{CB2A0577-35CF-490C-9CF8-D85D885778DE}.Release|Any CPU.ActiveCfg = Release|Any CPU
		{CB2A0577-35CF-490C-9CF8-D85D885778DE}.Release|Any CPU.Build.0 = Release|Any CPU
		{A774B8F8-1220-49A9-81A5-720B71BEE02D}.Debug|Any CPU.ActiveCfg = Debug|Any CPU
		{A774B8F8-1220-49A9-81A5-720B71BEE02D}.Debug|Any CPU.Build.0 = Debug|Any CPU
		{A774B8F8-1220-49A9-81A5-720B71BEE02D}.Release|Any CPU.ActiveCfg = Release|Any CPU
		{A774B8F8-1220-49A9-81A5-720B71BEE02D}.Release|Any CPU.Build.0 = Release|Any CPU
		{65F39F06-F68F-4221-95F6-36C3073CB63D}.Debug|Any CPU.ActiveCfg = Debug|Any CPU
		{65F39F06-F68F-4221-95F6-36C3073CB63D}.Debug|Any CPU.Build.0 = Debug|Any CPU
		{65F39F06-F68F-4221-95F6-36C3073CB63D}.Release|Any CPU.ActiveCfg = Release|Any CPU
		{65F39F06-F68F-4221-95F6-36C3073CB63D}.Release|Any CPU.Build.0 = Release|Any CPU
		{0F34AA6E-436F-4FD1-8F2E-ECFBAD4700C4}.Debug|Any CPU.ActiveCfg = Debug|Any CPU
		{0F34AA6E-436F-4FD1-8F2E-ECFBAD4700C4}.Debug|Any CPU.Build.0 = Debug|Any CPU
		{0F34AA6E-436F-4FD1-8F2E-ECFBAD4700C4}.Release|Any CPU.ActiveCfg = Release|Any CPU
		{0F34AA6E-436F-4FD1-8F2E-ECFBAD4700C4}.Release|Any CPU.Build.0 = Release|Any CPU
		{E27127E5-531C-4E24-805E-690ACF418EE1}.Debug|Any CPU.ActiveCfg = Debug|Any CPU
		{E27127E5-531C-4E24-805E-690ACF418EE1}.Debug|Any CPU.Build.0 = Debug|Any CPU
		{E27127E5-531C-4E24-805E-690ACF418EE1}.Release|Any CPU.ActiveCfg = Release|Any CPU
		{E27127E5-531C-4E24-805E-690ACF418EE1}.Release|Any CPU.Build.0 = Release|Any CPU
		{15CDA015-A067-43D3-8838-17C315B178B2}.Debug|Any CPU.ActiveCfg = Debug|Any CPU
		{15CDA015-A067-43D3-8838-17C315B178B2}.Debug|Any CPU.Build.0 = Debug|Any CPU
		{15CDA015-A067-43D3-8838-17C315B178B2}.Release|Any CPU.ActiveCfg = Release|Any CPU
		{15CDA015-A067-43D3-8838-17C315B178B2}.Release|Any CPU.Build.0 = Release|Any CPU
		{D540EDBB-B747-41D8-9A49-7E3D8D963AB6}.Debug|Any CPU.ActiveCfg = Debug|Any CPU
		{D540EDBB-B747-41D8-9A49-7E3D8D963AB6}.Debug|Any CPU.Build.0 = Debug|Any CPU
		{D540EDBB-B747-41D8-9A49-7E3D8D963AB6}.Release|Any CPU.ActiveCfg = Release|Any CPU
		{D540EDBB-B747-41D8-9A49-7E3D8D963AB6}.Release|Any CPU.Build.0 = Release|Any CPU
		{2E9C757F-6D24-48BC-BAC6-2CBB1413E02A}.Debug|Any CPU.ActiveCfg = Debug|Any CPU
		{2E9C757F-6D24-48BC-BAC6-2CBB1413E02A}.Debug|Any CPU.Build.0 = Debug|Any CPU
		{2E9C757F-6D24-48BC-BAC6-2CBB1413E02A}.Release|Any CPU.ActiveCfg = Release|Any CPU
		{2E9C757F-6D24-48BC-BAC6-2CBB1413E02A}.Release|Any CPU.Build.0 = Release|Any CPU
	EndGlobalSection
	GlobalSection(SolutionProperties) = preSolution
		HideSolutionNode = FALSE
	EndGlobalSection
	GlobalSection(NestedProjects) = preSolution
		{A312C8A3-0315-4D89-AA84-79EECAAA6A1D} = {4027BEB9-457F-4CF7-B727-DCAA39AD7205}
		{8F1F7D5D-753F-4437-9F02-24D4A50768CC} = {4027BEB9-457F-4CF7-B727-DCAA39AD7205}
		{D4D483BF-09AB-4772-A198-DB1ADB0F5743} = {4027BEB9-457F-4CF7-B727-DCAA39AD7205}
		{2F79CBDE-41EF-418C-91A5-0C4CA29B6493} = {66ED16E3-6EA1-47E4-9624-397E7E43503A}
		{65BA84C0-BCB2-47B8-9177-63983E486C4C} = {66ED16E3-6EA1-47E4-9624-397E7E43503A}
		{52E34AF1-B138-4525-9F20-3647DD65F1A0} = {66ED16E3-6EA1-47E4-9624-397E7E43503A}
		{8820D7C8-7FC9-4D25-86D6-B9B5903D6AB1} = {EAC9AD17-291C-4E59-B8B9-7D4A4755F275}
		{932AD0EA-CC43-4ED5-ABF9-151E20F9124A} = {EAC9AD17-291C-4E59-B8B9-7D4A4755F275}
		{6913EAB3-F5CE-479C-8B63-049CDCD8892F} = {EAC9AD17-291C-4E59-B8B9-7D4A4755F275}
		{108E4AE2-F7E3-4544-9B76-9BDF1433E9BC} = {24D8EC78-A372-41E3-B4E5-28B0AFF7164B}
		{9068C226-16F3-4112-93B3-E50DD21B839F} = {24D8EC78-A372-41E3-B4E5-28B0AFF7164B}
		{8171312F-7D25-485C-A308-B629C02C1D3D} = {24D8EC78-A372-41E3-B4E5-28B0AFF7164B}
		{592F37DA-E5B6-402E-8BD9-8F7E936115E6} = {75596BF2-C792-4FFF-AD17-590E392D57DC}
		{903E9B70-1B7A-470E-BEDF-8B20D1082DEF} = {75596BF2-C792-4FFF-AD17-590E392D57DC}
		{FEA3B620-D59E-429F-B9ED-380C753B292F} = {75596BF2-C792-4FFF-AD17-590E392D57DC}
		{4A79DAAD-C493-47A8-A0FF-2C99400A338B} = {08041407-EE5A-4DA4-9419-A41F50A9FADF}
		{CB2A0577-35CF-490C-9CF8-D85D885778DE} = {08041407-EE5A-4DA4-9419-A41F50A9FADF}
		{A774B8F8-1220-49A9-81A5-720B71BEE02D} = {08041407-EE5A-4DA4-9419-A41F50A9FADF}
		{65F39F06-F68F-4221-95F6-36C3073CB63D} = {346E2E18-9CF5-4F65-9A0B-34664E840B0E}
		{0F34AA6E-436F-4FD1-8F2E-ECFBAD4700C4} = {346E2E18-9CF5-4F65-9A0B-34664E840B0E}
		{E27127E5-531C-4E24-805E-690ACF418EE1} = {346E2E18-9CF5-4F65-9A0B-34664E840B0E}
		{15CDA015-A067-43D3-8838-17C315B178B2} = {CD0B5FB3-BCC6-487B-AC1D-017AD0A5309A}
		{D540EDBB-B747-41D8-9A49-7E3D8D963AB6} = {CD0B5FB3-BCC6-487B-AC1D-017AD0A5309A}
		{2E9C757F-6D24-48BC-BAC6-2CBB1413E02A} = {CD0B5FB3-BCC6-487B-AC1D-017AD0A5309A}
	EndGlobalSection
	GlobalSection(ExtensibilityGlobals) = postSolution
		SolutionGuid = {042450B2-4E78-47F6-A3E0-DE8E225BD79E}
	EndGlobalSection
EndGlobal
